
Microsoft Visual Studio Solution File, Format Version 12.00
# Visual Studio 2013
VisualStudioVersion = 12.0.21005.1
MinimumVisualStudioVersion = 10.0.40219.1
Project("{FAE04EC0-301F-11D3-BF4B-00C04F79EFBC}") = "Client", "Bai3\Client.csproj", "{69B7B493-3476-4CCE-BAC5-0BFA9AFB0902}"
EndProject
Project("{FAE04EC0-301F-11D3-BF4B-00C04F79EFBC}") = "Server", "Server\Server.csproj", "{D2D76CF4-CBA2-42AB-9110-288C2A854760}"
EndProject
Global
	GlobalSection(SolutionConfigurationPlatforms) = preSolution
		Debug|Any CPU = Debug|Any CPU
		Release|Any CPU = Release|Any CPU
	EndGlobalSection
	GlobalSection(ProjectConfigurationPlatforms) = postSolution
		{69B7B493-3476-4CCE-BAC5-0BFA9AFB0902}.Debug|Any CPU.ActiveCfg = Debug|Any CPU
		{69B7B493-3476-4CCE-BAC5-0BFA9AFB0902}.Debug|Any CPU.Build.0 = Debug|Any CPU
		{69B7B493-3476-4CCE-BAC5-0BFA9AFB0902}.Release|Any CPU.ActiveCfg = Release|Any CPU
		{69B7B493-3476-4CCE-BAC5-0BFA9AFB0902}.Release|Any CPU.Build.0 = Release|Any CPU
		{D2D76CF4-CBA2-42AB-9110-288C2A854760}.Debug|Any CPU.ActiveCfg = Debug|Any CPU
		{D2D76CF4-CBA2-42AB-9110-288C2A854760}.Debug|Any CPU.Build.0 = Debug|Any CPU
		{D2D76CF4-CBA2-42AB-9110-288C2A854760}.Release|Any CPU.ActiveCfg = Release|Any CPU
		{D2D76CF4-CBA2-42AB-9110-288C2A854760}.Release|Any CPU.Build.0 = Release|Any CPU
	EndGlobalSection
	GlobalSection(SolutionProperties) = preSolution
		HideSolutionNode = FALSE
	EndGlobalSection
EndGlobal
